
Microsoft Visual Studio Solution File, Format Version 9.00
# Visual Studio 2005
Project("{8BC9CEB8-8B4A-11D0-8D11-00A0C91BC942}") = "wcelibcex_lib", "..\wcelibcex-1.0\msvc80\wcelibcex_lib-x86.vcproj", "{55190080-FEA8-4B07-83E1-A26E6937982A}"
EndProject
Project("{8BC9CEB8-8B4A-11D0-8D11-00A0C91BC942}") = "MQtt", "..\..\..\org.eclipse.paho.mqtt.c\MQttCE-x86.vcproj", "{E543BF58-02F2-4A7F-9194-A241454FCD3F}"
EndProject
Project("{8BC9CEB8-8B4A-11D0-8D11-00A0C91BC942}") = "MQttTest", "..\MQttTest\MQttTest-x86.vcproj", "{E0AA139D-CD9D-4EA9-9986-F0712B4C5B94}"
	ProjectSection(ProjectDependencies) = postProject
		{E543BF58-02F2-4A7F-9194-A241454FCD3F} = {E543BF58-02F2-4A7F-9194-A241454FCD3F}
		{55190080-FEA8-4B07-83E1-A26E6937982A} = {55190080-FEA8-4B07-83E1-A26E6937982A}
	EndProjectSection
EndProject
Project("{8BC9CEB8-8B4A-11D0-8D11-00A0C91BC942}") = "libprotobuf", "..\..\..\protobuf\vsprojects\libprotobufce-x86.vcproj", "{A3EDBF54-DA64-4302-B6EC-A892F80AE35D}"
EndProject
Project("{8BC9CEB8-8B4A-11D0-8D11-00A0C91BC942}") = "edctest", "..\..\..\edctest\edctestce-x86.vcproj", "{493500F5-BE03-4081-A450-812AC8FC16A2}"
	ProjectSection(ProjectDependencies) = postProject
		{55190080-FEA8-4B07-83E1-A26E6937982A} = {55190080-FEA8-4B07-83E1-A26E6937982A}
		{E543BF58-02F2-4A7F-9194-A241454FCD3F} = {E543BF58-02F2-4A7F-9194-A241454FCD3F}
		{A3EDBF54-DA64-4302-B6EC-A892F80AE35D} = {A3EDBF54-DA64-4302-B6EC-A892F80AE35D}
	EndProjectSection
EndProject
Global
	GlobalSection(SolutionConfigurationPlatforms) = preSolution
		Debug|STANDARDSDK_500 (x86) = Debug|STANDARDSDK_500 (x86)
		Release|STANDARDSDK_500 (x86) = Release|STANDARDSDK_500 (x86)
	EndGlobalSection
	GlobalSection(ProjectConfigurationPlatforms) = postSolution
		{55190080-FEA8-4B07-83E1-A26E6937982A}.Debug|STANDARDSDK_500 (x86).ActiveCfg = Debug|STANDARDSDK_500 (x86)
		{55190080-FEA8-4B07-83E1-A26E6937982A}.Debug|STANDARDSDK_500 (x86).Build.0 = Debug|STANDARDSDK_500 (x86)
		{55190080-FEA8-4B07-83E1-A26E6937982A}.Debug|STANDARDSDK_500 (x86).Deploy.0 = Debug|STANDARDSDK_500 (x86)
		{55190080-FEA8-4B07-83E1-A26E6937982A}.Release|STANDARDSDK_500 (x86).ActiveCfg = Release|STANDARDSDK_500 (x86)
		{55190080-FEA8-4B07-83E1-A26E6937982A}.Release|STANDARDSDK_500 (x86).Build.0 = Release|STANDARDSDK_500 (x86)
		{55190080-FEA8-4B07-83E1-A26E6937982A}.Release|STANDARDSDK_500 (x86).Deploy.0 = Release|STANDARDSDK_500 (x86)
		{E543BF58-02F2-4A7F-9194-A241454FCD3F}.Debug|STANDARDSDK_500 (x86).ActiveCfg = Debug|STANDARDSDK_500 (x86)
		{E543BF58-02F2-4A7F-9194-A241454FCD3F}.Debug|STANDARDSDK_500 (x86).Build.0 = Debug|STANDARDSDK_500 (x86)
		{E543BF58-02F2-4A7F-9194-A241454FCD3F}.Debug|STANDARDSDK_500 (x86).Deploy.0 = Debug|STANDARDSDK_500 (x86)
		{E543BF58-02F2-4A7F-9194-A241454FCD3F}.Release|STANDARDSDK_500 (x86).ActiveCfg = Release|STANDARDSDK_500 (x86)
		{E543BF58-02F2-4A7F-9194-A241454FCD3F}.Release|STANDARDSDK_500 (x86).Build.0 = Release|STANDARDSDK_500 (x86)
		{E543BF58-02F2-4A7F-9194-A241454FCD3F}.Release|STANDARDSDK_500 (x86).Deploy.0 = Release|STANDARDSDK_500 (x86)
		{E0AA139D-CD9D-4EA9-9986-F0712B4C5B94}.Debug|STANDARDSDK_500 (x86).ActiveCfg = Debug|STANDARDSDK_500 (x86)
		{E0AA139D-CD9D-4EA9-9986-F0712B4C5B94}.Debug|STANDARDSDK_500 (x86).Build.0 = Debug|STANDARDSDK_500 (x86)
		{E0AA139D-CD9D-4EA9-9986-F0712B4C5B94}.Debug|STANDARDSDK_500 (x86).Deploy.0 = Debug|STANDARDSDK_500 (x86)
		{E0AA139D-CD9D-4EA9-9986-F0712B4C5B94}.Release|STANDARDSDK_500 (x86).ActiveCfg = Release|STANDARDSDK_500 (x86)
		{E0AA139D-CD9D-4EA9-9986-F0712B4C5B94}.Release|STANDARDSDK_500 (x86).Build.0 = Release|STANDARDSDK_500 (x86)
		{E0AA139D-CD9D-4EA9-9986-F0712B4C5B94}.Release|STANDARDSDK_500 (x86).Deploy.0 = Release|STANDARDSDK_500 (x86)
		{A3EDBF54-DA64-4302-B6EC-A892F80AE35D}.Debug|STANDARDSDK_500 (x86).ActiveCfg = Debug|STANDARDSDK_500 (x86)
		{A3EDBF54-DA64-4302-B6EC-A892F80AE35D}.Debug|STANDARDSDK_500 (x86).Build.0 = Debug|STANDARDSDK_500 (x86)
		{A3EDBF54-DA64-4302-B6EC-A892F80AE35D}.Debug|STANDARDSDK_500 (x86).Deploy.0 = Debug|STANDARDSDK_500 (x86)
		{A3EDBF54-DA64-4302-B6EC-A892F80AE35D}.Release|STANDARDSDK_500 (x86).ActiveCfg = Release|STANDARDSDK_500 (x86)
		{A3EDBF54-DA64-4302-B6EC-A892F80AE35D}.Release|STANDARDSDK_500 (x86).Build.0 = Release|STANDARDSDK_500 (x86)
		{A3EDBF54-DA64-4302-B6EC-A892F80AE35D}.Release|STANDARDSDK_500 (x86).Deploy.0 = Release|STANDARDSDK_500 (x86)
		{493500F5-BE03-4081-A450-812AC8FC16A2}.Debug|STANDARDSDK_500 (x86).ActiveCfg = Debug|STANDARDSDK_500 (x86)
		{493500F5-BE03-4081-A450-812AC8FC16A2}.Debug|STANDARDSDK_500 (x86).Build.0 = Debug|STANDARDSDK_500 (x86)
		{493500F5-BE03-4081-A450-812AC8FC16A2}.Debug|STANDARDSDK_500 (x86).Deploy.0 = Debug|STANDARDSDK_500 (x86)
		{493500F5-BE03-4081-A450-812AC8FC16A2}.Release|STANDARDSDK_500 (x86).ActiveCfg = Release|STANDARDSDK_500 (x86)
		{493500F5-BE03-4081-A450-812AC8FC16A2}.Release|STANDARDSDK_500 (x86).Build.0 = Release|STANDARDSDK_500 (x86)
		{493500F5-BE03-4081-A450-812AC8FC16A2}.Release|STANDARDSDK_500 (x86).Deploy.0 = Release|STANDARDSDK_500 (x86)
	EndGlobalSection
	GlobalSection(SolutionProperties) = preSolution
		HideSolutionNode = FALSE
	EndGlobalSection
EndGlobal
